<?xml version="1.0" encoding="utf-8"?>
<Project ToolsVersion="4.0" xmlns="http://schemas.microsoft.com/developer/msbuild/2003">
  <ItemGroup>
    <Filter Include="Source Files">
      <UniqueIdentifier>{4FC737F1-C7A5-4376-A066-2A32D752A2FF}</UniqueIdentifier>
      <Extensions>cpp;c;cc;cxx;c++;cppm;ixx;def;odl;idl;hpj;bat;asm;asmx</Extensions>
    </Filter>
    <Filter Include="Header Files">
      <UniqueIdentifier>{93995380-89BD-4b04-88EB-625FBE52EBFB}</UniqueIdentifier>
      <Extensions>h;hh;hpp;hxx;h++;hm;inl;inc;ipp;xsd</Extensions>
    </Filter>
    <Filter Include="Resource Files">
      <UniqueIdentifier>{67DA6AB6-F800-4c08-8B7A-83BB121AAD01}</UniqueIdentifier>
      <Extensions>rc;ico;cur;bmp;dlg;rc2;rct;bin;rgs;gif;jpg;jpeg;jpe;resx;tiff;tif;png;wav;mfcribbon-ms</Extensions>
    </Filter>
  </ItemGroup>
  <ItemGroup>
    <ClCompile Include="ConsoleApplication1.cpp">
      <Filter>Source Files</Filter>
    </ClCompile>
    <ClCompile Include="vector_tools.cpp">
      <Filter>Source Files</Filter>
    </ClCompile>
    <ClCompile Include="gui_ui.cpp">
      <Filter>Source Files</Filter>
    </ClCompile>
    <ClCompile Include="random_id.cpp">
      <Filter>Source Files</Filter>
    </ClCompile>
    <ClCompile Include="file_dialogs.cpp">
      <Filter>Source Files</Filter>
    </ClCompile>
    <ClCompile Include="LogicNodes.cpp">
      <Filter>Source Files</Filter>
    </ClCompile>
    <ClCompile Include="LogicBlocks.cpp">
      <Filter>Source Files</Filter>
    </ClCompile>
    <ClCompile Include="save_game.cpp">
      <Filter>Source Files</Filter>
    </ClCompile>
    <ClCompile Include="Nodes\game.cpp">
      <Filter>Source Files</Filter>
    </ClCompile>
    <ClCompile Include="Nodes\Node.cpp">
      <Filter>Source Files</Filter>
    </ClCompile>
    <ClCompile Include="Nodes\NodeFactory.cpp">
      <Filter>Source Files</Filter>
    </ClCompile>
    <ClCompile Include="Nodes\BinaryGates.cpp">
      <Filter>Source Files</Filter>
    </ClCompile>
    <ClCompile Include="Nodes\UnaryGates.cpp">
      <Filter>Source Files</Filter>
    </ClCompile>
    <ClCompile Include="Nodes\Buttons.cpp">
      <Filter>Source Files</Filter>
    </ClCompile>
    <ClCompile Include="Nodes\Displays.cpp">
      <Filter>Source Files</Filter>
    </ClCompile>
    <ClCompile Include="Nodes\Bus.cpp">
      <Filter>Source Files</Filter>
    </ClCompile>
    <ClCompile Include="Nodes\FunctionNode.cpp">
      <Filter>Source Files</Filter>
    </ClCompile>
    <ClCompile Include="Nodes\ROM.cpp">
      <Filter>Source Files</Filter>
    </ClCompile>
  </ItemGroup>
  <ItemGroup>
    <Image Include="sprites\logic_gates\AND.png">
      <Filter>Resource Files</Filter>
    </Image>
  </ItemGroup>
  <ItemGroup>
    <ClInclude Include="vector_tools.h">
      <Filter>Header Files</Filter>
    </ClInclude>
    <ClInclude Include="gui_ui.h">
      <Filter>Header Files</Filter>
    </ClInclude>
    <ClInclude Include="random_id.h">
      <Filter>Header Files</Filter>
    </ClInclude>
    <ClInclude Include="nlohmann\json.hpp">
      <Filter>Header Files</Filter>
    </ClInclude>
    <ClInclude Include="file_dialogs.h">
      <Filter>Header Files</Filter>
    </ClInclude>
    <ClInclude Include="LogicNodes.h">
      <Filter>Header Files</Filter>
    </ClInclude>
    <ClInclude Include="LogicBlocks.h">
      <Filter>Header Files</Filter>
    </ClInclude>
    <ClInclude Include="save_game.h">
      <Filter>Header Files</Filter>
    </ClInclude>
    <ClInclude Include="Nodes\game.h">
      <Filter>Header Files</Filter>
    </ClInclude>
    <ClInclude Include="Nodes\Node.h">
      <Filter>Header Files</Filter>
    </ClInclude>
    <ClInclude Include="Nodes\NodeFactory.h">
      <Filter>Header Files</Filter>
    </ClInclude>
    <ClInclude Include="Nodes\BinaryGates.h">
      <Filter>Header Files</Filter>
    </ClInclude>
    <ClInclude Include="Nodes\UnaryGates.h">
      <Filter>Header Files</Filter>
    </ClInclude>
    <ClInclude Include="Nodes\Buttons.h">
      <Filter>Header Files</Filter>
    </ClInclude>
    <ClInclude Include="Nodes\Displays.h">
      <Filter>Header Files</Filter>
    </ClInclude>
    <ClInclude Include="Nodes\Bus.h">
      <Filter>Header Files</Filter>
    </ClInclude>
    <ClInclude Include="Nodes\FunctionNode.h">
      <Filter>Header Files</Filter>
    </ClInclude>
    <ClInclude Include="Nodes\ROM.h">
      <Filter>Header Files</Filter>
    </ClInclude>
  </ItemGroup>
</Project>